
Microsoft Visual Studio Solution File, Format Version 12.00
# Visual Studio Version 16
VisualStudioVersion = 16.0.30907.101
MinimumVisualStudioVersion = 10.0.40219.1
Project("{2150E333-8FDC-42A3-9474-1A3956D46DE8}") = "4 Examples", "4 Examples", "{0AB67A65-9645-4DF6-98A2-D5734D212E7C}"
EndProject
Project("{2150E333-8FDC-42A3-9474-1A3956D46DE8}") = "3 Xamarin.Forms", "3 Xamarin.Forms", "{B0654A14-51FF-4DAC-A2CB-A6B9D269B9CA}"
EndProject
Project("{2150E333-8FDC-42A3-9474-1A3956D46DE8}") = "2 Native", "2 Native", "{2137DFE4-114E-45AE-BBCD-6A454D1BF82C}"
EndProject
Project("{2150E333-8FDC-42A3-9474-1A3956D46DE8}") = "0 Change log", "0 Change log", "{718F324B-6F99-45AD-B4D8-99EBCB9D5F65}"
EndProject
Project("{2150E333-8FDC-42A3-9474-1A3956D46DE8}") = "1 Documentation", "1 Documentation", "{43AD5530-D29C-4DFE-A8F1-40024B9282E7}"
EndProject
Project("{FAE04EC0-301F-11D3-BF4B-00C04F79EFBC}") = "SimpleDemo.Android", "Examples\SimpleDemo\SimpleDemo.Android\SimpleDemo.Android.csproj", "{5A89745A-2AD2-4ABF-8851-535B2024A8FA}"
EndProject
Project("{9A19103F-16F7-4668-BE54-9A1E7A4F7556}") = "SimpleDemo", "Examples\SimpleDemo\SimpleDemo\SimpleDemo.csproj", "{292A7A42-1A55-45EF-9DAA-4A7368CB956F}"
EndProject
Project("{9A19103F-16F7-4668-BE54-9A1E7A4F7556}") = "OxyPlot.Xamarin.Forms.Skia", "OxyPlot.Xamarin.Forms.Skia\OxyPlot.Xamarin.Forms.Skia.csproj", "{27DF6717-5983-4269-9526-BED000E10CCC}"
EndProject
Project("{FAE04EC0-301F-11D3-BF4B-00C04F79EFBC}") = "OxyPlot.Xamarin.Forms.Skia.Android", "OxyPlot.Xamarin.Forms.Skia.Android\OxyPlot.Xamarin.Forms.Skia.Android.csproj", "{11B9732A-A68A-4E5B-9FF2-C8C4C05552EB}"
EndProject
Project("{9A19103F-16F7-4668-BE54-9A1E7A4F7556}") = "ExampleLibrary", "Examples\ExampleLibrary\ExampleLibrary.csproj", "{ED6E9DB3-87E9-4B1B-A98E-6FB145D0F91D}"
EndProject
Global
	GlobalSection(SolutionConfigurationPlatforms) = preSolution
		Ad-Hoc|Any CPU = Ad-Hoc|Any CPU
		Ad-Hoc|ARM = Ad-Hoc|ARM
		Ad-Hoc|iPhone = Ad-Hoc|iPhone
		Ad-Hoc|iPhoneSimulator = Ad-Hoc|iPhoneSimulator
		Ad-Hoc|Mixed Platforms = Ad-Hoc|Mixed Platforms
		Ad-Hoc|x64 = Ad-Hoc|x64
		Ad-Hoc|x86 = Ad-Hoc|x86
		AppStore|Any CPU = AppStore|Any CPU
		AppStore|ARM = AppStore|ARM
		AppStore|iPhone = AppStore|iPhone
		AppStore|iPhoneSimulator = AppStore|iPhoneSimulator
		AppStore|Mixed Platforms = AppStore|Mixed Platforms
		AppStore|x64 = AppStore|x64
		AppStore|x86 = AppStore|x86
		Debug|Any CPU = Debug|Any CPU
		Debug|ARM = Debug|ARM
		Debug|iPhone = Debug|iPhone
		Debug|iPhoneSimulator = Debug|iPhoneSimulator
		Debug|Mixed Platforms = Debug|Mixed Platforms
		Debug|x64 = Debug|x64
		Debug|x86 = Debug|x86
		Release|Any CPU = Release|Any CPU
		Release|ARM = Release|ARM
		Release|iPhone = Release|iPhone
		Release|iPhoneSimulator = Release|iPhoneSimulator
		Release|Mixed Platforms = Release|Mixed Platforms
		Release|x64 = Release|x64
		Release|x86 = Release|x86
	EndGlobalSection
	GlobalSection(ProjectConfigurationPlatforms) = postSolution
		{5A89745A-2AD2-4ABF-8851-535B2024A8FA}.Ad-Hoc|Any CPU.ActiveCfg = Release|Any CPU
		{5A89745A-2AD2-4ABF-8851-535B2024A8FA}.Ad-Hoc|Any CPU.Build.0 = Release|Any CPU
		{5A89745A-2AD2-4ABF-8851-535B2024A8FA}.Ad-Hoc|ARM.ActiveCfg = Release|Any CPU
		{5A89745A-2AD2-4ABF-8851-535B2024A8FA}.Ad-Hoc|ARM.Build.0 = Release|Any CPU
		{5A89745A-2AD2-4ABF-8851-535B2024A8FA}.Ad-Hoc|iPhone.ActiveCfg = Release|Any CPU
		{5A89745A-2AD2-4ABF-8851-535B2024A8FA}.Ad-Hoc|iPhone.Build.0 = Release|Any CPU
		{5A89745A-2AD2-4ABF-8851-535B2024A8FA}.Ad-Hoc|iPhoneSimulator.ActiveCfg = Release|Any CPU
		{5A89745A-2AD2-4ABF-8851-535B2024A8FA}.Ad-Hoc|iPhoneSimulator.Build.0 = Release|Any CPU
		{5A89745A-2AD2-4ABF-8851-535B2024A8FA}.Ad-Hoc|Mixed Platforms.ActiveCfg = Release|Any CPU
		{5A89745A-2AD2-4ABF-8851-535B2024A8FA}.Ad-Hoc|Mixed Platforms.Build.0 = Release|Any CPU
		{5A89745A-2AD2-4ABF-8851-535B2024A8FA}.Ad-Hoc|x64.ActiveCfg = Debug|Any CPU
		{5A89745A-2AD2-4ABF-8851-535B2024A8FA}.Ad-Hoc|x64.Build.0 = Debug|Any CPU
		{5A89745A-2AD2-4ABF-8851-535B2024A8FA}.Ad-Hoc|x86.ActiveCfg = Release|Any CPU
		{5A89745A-2AD2-4ABF-8851-535B2024A8FA}.Ad-Hoc|x86.Build.0 = Release|Any CPU
		{5A89745A-2AD2-4ABF-8851-535B2024A8FA}.AppStore|Any CPU.ActiveCfg = Release|Any CPU
		{5A89745A-2AD2-4ABF-8851-535B2024A8FA}.AppStore|Any CPU.Build.0 = Release|Any CPU
		{5A89745A-2AD2-4ABF-8851-535B2024A8FA}.AppStore|ARM.ActiveCfg = Release|Any CPU
		{5A89745A-2AD2-4ABF-8851-535B2024A8FA}.AppStore|ARM.Build.0 = Release|Any CPU
		{5A89745A-2AD2-4ABF-8851-535B2024A8FA}.AppStore|iPhone.ActiveCfg = Release|Any CPU
		{5A89745A-2AD2-4ABF-8851-535B2024A8FA}.AppStore|iPhone.Build.0 = Release|Any CPU
		{5A89745A-2AD2-4ABF-8851-535B2024A8FA}.AppStore|iPhoneSimulator.ActiveCfg = Release|Any CPU
		{5A89745A-2AD2-4ABF-8851-535B2024A8FA}.AppStore|iPhoneSimulator.Build.0 = Release|Any CPU
		{5A89745A-2AD2-4ABF-8851-535B2024A8FA}.AppStore|Mixed Platforms.ActiveCfg = Release|Any CPU
		{5A89745A-2AD2-4ABF-8851-535B2024A8FA}.AppStore|Mixed Platforms.Build.0 = Release|Any CPU
		{5A89745A-2AD2-4ABF-8851-535B2024A8FA}.AppStore|x64.ActiveCfg = Debug|Any CPU
		{5A89745A-2AD2-4ABF-8851-535B2024A8FA}.AppStore|x64.Build.0 = Debug|Any CPU
		{5A89745A-2AD2-4ABF-8851-535B2024A8FA}.AppStore|x86.ActiveCfg = Release|Any CPU
		{5A89745A-2AD2-4ABF-8851-535B2024A8FA}.AppStore|x86.Build.0 = Release|Any CPU
		{5A89745A-2AD2-4ABF-8851-535B2024A8FA}.Debug|Any CPU.ActiveCfg = Debug|Any CPU
		{5A89745A-2AD2-4ABF-8851-535B2024A8FA}.Debug|Any CPU.Build.0 = Debug|Any CPU
		{5A89745A-2AD2-4ABF-8851-535B2024A8FA}.Debug|Any CPU.Deploy.0 = Debug|Any CPU
		{5A89745A-2AD2-4ABF-8851-535B2024A8FA}.Debug|ARM.ActiveCfg = Debug|Any CPU
		{5A89745A-2AD2-4ABF-8851-535B2024A8FA}.Debug|ARM.Build.0 = Debug|Any CPU
		{5A89745A-2AD2-4ABF-8851-535B2024A8FA}.Debug|iPhone.ActiveCfg = Debug|Any CPU
		{5A89745A-2AD2-4ABF-8851-535B2024A8FA}.Debug|iPhone.Build.0 = Debug|Any CPU
		{5A89745A-2AD2-4ABF-8851-535B2024A8FA}.Debug|iPhoneSimulator.ActiveCfg = Debug|Any CPU
		{5A89745A-2AD2-4ABF-8851-535B2024A8FA}.Debug|iPhoneSimulator.Build.0 = Debug|Any CPU
		{5A89745A-2AD2-4ABF-8851-535B2024A8FA}.Debug|Mixed Platforms.ActiveCfg = Debug|Any CPU
		{5A89745A-2AD2-4ABF-8851-535B2024A8FA}.Debug|Mixed Platforms.Build.0 = Debug|Any CPU
		{5A89745A-2AD2-4ABF-8851-535B2024A8FA}.Debug|x64.ActiveCfg = Debug|Any CPU
		{5A89745A-2AD2-4ABF-8851-535B2024A8FA}.Debug|x64.Build.0 = Debug|Any CPU
		{5A89745A-2AD2-4ABF-8851-535B2024A8FA}.Debug|x86.ActiveCfg = Debug|Any CPU
		{5A89745A-2AD2-4ABF-8851-535B2024A8FA}.Debug|x86.Build.0 = Debug|Any CPU
		{5A89745A-2AD2-4ABF-8851-535B2024A8FA}.Release|Any CPU.ActiveCfg = Release|Any CPU
		{5A89745A-2AD2-4ABF-8851-535B2024A8FA}.Release|Any CPU.Build.0 = Release|Any CPU
		{5A89745A-2AD2-4ABF-8851-535B2024A8FA}.Release|ARM.ActiveCfg = Release|Any CPU
		{5A89745A-2AD2-4ABF-8851-535B2024A8FA}.Release|ARM.Build.0 = Release|Any CPU
		{5A89745A-2AD2-4ABF-8851-535B2024A8FA}.Release|iPhone.ActiveCfg = Release|Any CPU
		{5A89745A-2AD2-4ABF-8851-535B2024A8FA}.Release|iPhone.Build.0 = Release|Any CPU
		{5A89745A-2AD2-4ABF-8851-535B2024A8FA}.Release|iPhoneSimulator.ActiveCfg = Release|Any CPU
		{5A89745A-2AD2-4ABF-8851-535B2024A8FA}.Release|iPhoneSimulator.Build.0 = Release|Any CPU
		{5A89745A-2AD2-4ABF-8851-535B2024A8FA}.Release|Mixed Platforms.ActiveCfg = Release|Any CPU
		{5A89745A-2AD2-4ABF-8851-535B2024A8FA}.Release|Mixed Platforms.Build.0 = Release|Any CPU
		{5A89745A-2AD2-4ABF-8851-535B2024A8FA}.Release|x64.ActiveCfg = Release|Any CPU
		{5A89745A-2AD2-4ABF-8851-535B2024A8FA}.Release|x64.Build.0 = Release|Any CPU
		{5A89745A-2AD2-4ABF-8851-535B2024A8FA}.Release|x86.ActiveCfg = Release|Any CPU
		{5A89745A-2AD2-4ABF-8851-535B2024A8FA}.Release|x86.Build.0 = Release|Any CPU
		{292A7A42-1A55-45EF-9DAA-4A7368CB956F}.Ad-Hoc|Any CPU.ActiveCfg = Release|Any CPU
		{292A7A42-1A55-45EF-9DAA-4A7368CB956F}.Ad-Hoc|Any CPU.Build.0 = Release|Any CPU
		{292A7A42-1A55-45EF-9DAA-4A7368CB956F}.Ad-Hoc|ARM.ActiveCfg = Release|Any CPU
		{292A7A42-1A55-45EF-9DAA-4A7368CB956F}.Ad-Hoc|ARM.Build.0 = Release|Any CPU
		{292A7A42-1A55-45EF-9DAA-4A7368CB956F}.Ad-Hoc|iPhone.ActiveCfg = Release|Any CPU
		{292A7A42-1A55-45EF-9DAA-4A7368CB956F}.Ad-Hoc|iPhone.Build.0 = Release|Any CPU
		{292A7A42-1A55-45EF-9DAA-4A7368CB956F}.Ad-Hoc|iPhoneSimulator.ActiveCfg = Release|Any CPU
		{292A7A42-1A55-45EF-9DAA-4A7368CB956F}.Ad-Hoc|iPhoneSimulator.Build.0 = Release|Any CPU
		{292A7A42-1A55-45EF-9DAA-4A7368CB956F}.Ad-Hoc|Mixed Platforms.ActiveCfg = Release|Any CPU
		{292A7A42-1A55-45EF-9DAA-4A7368CB956F}.Ad-Hoc|Mixed Platforms.Build.0 = Release|Any CPU
		{292A7A42-1A55-45EF-9DAA-4A7368CB956F}.Ad-Hoc|x64.ActiveCfg = Debug|Any CPU
		{292A7A42-1A55-45EF-9DAA-4A7368CB956F}.Ad-Hoc|x64.Build.0 = Debug|Any CPU
		{292A7A42-1A55-45EF-9DAA-4A7368CB956F}.Ad-Hoc|x86.ActiveCfg = Release|Any CPU
		{292A7A42-1A55-45EF-9DAA-4A7368CB956F}.Ad-Hoc|x86.Build.0 = Release|Any CPU
		{292A7A42-1A55-45EF-9DAA-4A7368CB956F}.AppStore|Any CPU.ActiveCfg = Release|Any CPU
		{292A7A42-1A55-45EF-9DAA-4A7368CB956F}.AppStore|Any CPU.Build.0 = Release|Any CPU
		{292A7A42-1A55-45EF-9DAA-4A7368CB956F}.AppStore|ARM.ActiveCfg = Release|Any CPU
		{292A7A42-1A55-45EF-9DAA-4A7368CB956F}.AppStore|ARM.Build.0 = Release|Any CPU
		{292A7A42-1A55-45EF-9DAA-4A7368CB956F}.AppStore|iPhone.ActiveCfg = Release|Any CPU
		{292A7A42-1A55-45EF-9DAA-4A7368CB956F}.AppStore|iPhone.Build.0 = Release|Any CPU
		{292A7A42-1A55-45EF-9DAA-4A7368CB956F}.AppStore|iPhoneSimulator.ActiveCfg = Release|Any CPU
		{292A7A42-1A55-45EF-9DAA-4A7368CB956F}.AppStore|iPhoneSimulator.Build.0 = Release|Any CPU
		{292A7A42-1A55-45EF-9DAA-4A7368CB956F}.AppStore|Mixed Platforms.ActiveCfg = Release|Any CPU
		{292A7A42-1A55-45EF-9DAA-4A7368CB956F}.AppStore|Mixed Platforms.Build.0 = Release|Any CPU
		{292A7A42-1A55-45EF-9DAA-4A7368CB956F}.AppStore|x64.ActiveCfg = Debug|Any CPU
		{292A7A42-1A55-45EF-9DAA-4A7368CB956F}.AppStore|x64.Build.0 = Debug|Any CPU
		{292A7A42-1A55-45EF-9DAA-4A7368CB956F}.AppStore|x86.ActiveCfg = Release|Any CPU
		{292A7A42-1A55-45EF-9DAA-4A7368CB956F}.AppStore|x86.Build.0 = Release|Any CPU
		{292A7A42-1A55-45EF-9DAA-4A7368CB956F}.Debug|Any CPU.ActiveCfg = Debug|Any CPU
		{292A7A42-1A55-45EF-9DAA-4A7368CB956F}.Debug|Any CPU.Build.0 = Debug|Any CPU
		{292A7A42-1A55-45EF-9DAA-4A7368CB956F}.Debug|ARM.ActiveCfg = Debug|Any CPU
		{292A7A42-1A55-45EF-9DAA-4A7368CB956F}.Debug|ARM.Build.0 = Debug|Any CPU
		{292A7A42-1A55-45EF-9DAA-4A7368CB956F}.Debug|iPhone.ActiveCfg = Debug|Any CPU
		{292A7A42-1A55-45EF-9DAA-4A7368CB956F}.Debug|iPhone.Build.0 = Debug|Any CPU
		{292A7A42-1A55-45EF-9DAA-4A7368CB956F}.Debug|iPhoneSimulator.ActiveCfg = Debug|Any CPU
		{292A7A42-1A55-45EF-9DAA-4A7368CB956F}.Debug|iPhoneSimulator.Build.0 = Debug|Any CPU
		{292A7A42-1A55-45EF-9DAA-4A7368CB956F}.Debug|Mixed Platforms.ActiveCfg = Debug|Any CPU
		{292A7A42-1A55-45EF-9DAA-4A7368CB956F}.Debug|Mixed Platforms.Build.0 = Debug|Any CPU
		{292A7A42-1A55-45EF-9DAA-4A7368CB956F}.Debug|x64.ActiveCfg = Debug|Any CPU
		{292A7A42-1A55-45EF-9DAA-4A7368CB956F}.Debug|x64.Build.0 = Debug|Any CPU
		{292A7A42-1A55-45EF-9DAA-4A7368CB956F}.Debug|x86.ActiveCfg = Debug|Any CPU
		{292A7A42-1A55-45EF-9DAA-4A7368CB956F}.Debug|x86.Build.0 = Debug|Any CPU
		{292A7A42-1A55-45EF-9DAA-4A7368CB956F}.Release|Any CPU.ActiveCfg = Release|Any CPU
		{292A7A42-1A55-45EF-9DAA-4A7368CB956F}.Release|Any CPU.Build.0 = Release|Any CPU
		{292A7A42-1A55-45EF-9DAA-4A7368CB956F}.Release|ARM.ActiveCfg = Release|Any CPU
		{292A7A42-1A55-45EF-9DAA-4A7368CB956F}.Release|ARM.Build.0 = Release|Any CPU
		{292A7A42-1A55-45EF-9DAA-4A7368CB956F}.Release|iPhone.ActiveCfg = Release|Any CPU
		{292A7A42-1A55-45EF-9DAA-4A7368CB956F}.Release|iPhone.Build.0 = Release|Any CPU
		{292A7A42-1A55-45EF-9DAA-4A7368CB956F}.Release|iPhoneSimulator.ActiveCfg = Release|Any CPU
		{292A7A42-1A55-45EF-9DAA-4A7368CB956F}.Release|iPhoneSimulator.Build.0 = Release|Any CPU
		{292A7A42-1A55-45EF-9DAA-4A7368CB956F}.Release|Mixed Platforms.ActiveCfg = Release|Any CPU
		{292A7A42-1A55-45EF-9DAA-4A7368CB956F}.Release|Mixed Platforms.Build.0 = Release|Any CPU
		{292A7A42-1A55-45EF-9DAA-4A7368CB956F}.Release|x64.ActiveCfg = Release|Any CPU
		{292A7A42-1A55-45EF-9DAA-4A7368CB956F}.Release|x64.Build.0 = Release|Any CPU
		{292A7A42-1A55-45EF-9DAA-4A7368CB956F}.Release|x86.ActiveCfg = Release|Any CPU
		{292A7A42-1A55-45EF-9DAA-4A7368CB956F}.Release|x86.Build.0 = Release|Any CPU
		{27DF6717-5983-4269-9526-BED000E10CCC}.Ad-Hoc|Any CPU.ActiveCfg = Debug|Any CPU
		{27DF6717-5983-4269-9526-BED000E10CCC}.Ad-Hoc|Any CPU.Build.0 = Debug|Any CPU
		{27DF6717-5983-4269-9526-BED000E10CCC}.Ad-Hoc|ARM.ActiveCfg = Debug|Any CPU
		{27DF6717-5983-4269-9526-BED000E10CCC}.Ad-Hoc|ARM.Build.0 = Debug|Any CPU
		{27DF6717-5983-4269-9526-BED000E10CCC}.Ad-Hoc|iPhone.ActiveCfg = Debug|Any CPU
		{27DF6717-5983-4269-9526-BED000E10CCC}.Ad-Hoc|iPhone.Build.0 = Debug|Any CPU
		{27DF6717-5983-4269-9526-BED000E10CCC}.Ad-Hoc|iPhoneSimulator.ActiveCfg = Debug|Any CPU
		{27DF6717-5983-4269-9526-BED000E10CCC}.Ad-Hoc|iPhoneSimulator.Build.0 = Debug|Any CPU
		{27DF6717-5983-4269-9526-BED000E10CCC}.Ad-Hoc|Mixed Platforms.ActiveCfg = Debug|Any CPU
		{27DF6717-5983-4269-9526-BED000E10CCC}.Ad-Hoc|Mixed Platforms.Build.0 = Debug|Any CPU
		{27DF6717-5983-4269-9526-BED000E10CCC}.Ad-Hoc|x64.ActiveCfg = Debug|Any CPU
		{27DF6717-5983-4269-9526-BED000E10CCC}.Ad-Hoc|x64.Build.0 = Debug|Any CPU
		{27DF6717-5983-4269-9526-BED000E10CCC}.Ad-Hoc|x86.ActiveCfg = Debug|Any CPU
		{27DF6717-5983-4269-9526-BED000E10CCC}.Ad-Hoc|x86.Build.0 = Debug|Any CPU
		{27DF6717-5983-4269-9526-BED000E10CCC}.AppStore|Any CPU.ActiveCfg = Debug|Any CPU
		{27DF6717-5983-4269-9526-BED000E10CCC}.AppStore|Any CPU.Build.0 = Debug|Any CPU
		{27DF6717-5983-4269-9526-BED000E10CCC}.AppStore|ARM.ActiveCfg = Debug|Any CPU
		{27DF6717-5983-4269-9526-BED000E10CCC}.AppStore|ARM.Build.0 = Debug|Any CPU
		{27DF6717-5983-4269-9526-BED000E10CCC}.AppStore|iPhone.ActiveCfg = Debug|Any CPU
		{27DF6717-5983-4269-9526-BED000E10CCC}.AppStore|iPhone.Build.0 = Debug|Any CPU
		{27DF6717-5983-4269-9526-BED000E10CCC}.AppStore|iPhoneSimulator.ActiveCfg = Debug|Any CPU
		{27DF6717-5983-4269-9526-BED000E10CCC}.AppStore|iPhoneSimulator.Build.0 = Debug|Any CPU
		{27DF6717-5983-4269-9526-BED000E10CCC}.AppStore|Mixed Platforms.ActiveCfg = Debug|Any CPU
		{27DF6717-5983-4269-9526-BED000E10CCC}.AppStore|Mixed Platforms.Build.0 = Debug|Any CPU
		{27DF6717-5983-4269-9526-BED000E10CCC}.AppStore|x64.ActiveCfg = Debug|Any CPU
		{27DF6717-5983-4269-9526-BED000E10CCC}.AppStore|x64.Build.0 = Debug|Any CPU
		{27DF6717-5983-4269-9526-BED000E10CCC}.AppStore|x86.ActiveCfg = Debug|Any CPU
		{27DF6717-5983-4269-9526-BED000E10CCC}.AppStore|x86.Build.0 = Debug|Any CPU
		{27DF6717-5983-4269-9526-BED000E10CCC}.Debug|Any CPU.ActiveCfg = Debug|Any CPU
		{27DF6717-5983-4269-9526-BED000E10CCC}.Debug|Any CPU.Build.0 = Debug|Any CPU
		{27DF6717-5983-4269-9526-BED000E10CCC}.Debug|ARM.ActiveCfg = Debug|Any CPU
		{27DF6717-5983-4269-9526-BED000E10CCC}.Debug|ARM.Build.0 = Debug|Any CPU
		{27DF6717-5983-4269-9526-BED000E10CCC}.Debug|iPhone.ActiveCfg = Debug|Any CPU
		{27DF6717-5983-4269-9526-BED000E10CCC}.Debug|iPhone.Build.0 = Debug|Any CPU
		{27DF6717-5983-4269-9526-BED000E10CCC}.Debug|iPhoneSimulator.ActiveCfg = Debug|Any CPU
		{27DF6717-5983-4269-9526-BED000E10CCC}.Debug|iPhoneSimulator.Build.0 = Debug|Any CPU
		{27DF6717-5983-4269-9526-BED000E10CCC}.Debug|Mixed Platforms.ActiveCfg = Debug|Any CPU
		{27DF6717-5983-4269-9526-BED000E10CCC}.Debug|Mixed Platforms.Build.0 = Debug|Any CPU
		{27DF6717-5983-4269-9526-BED000E10CCC}.Debug|x64.ActiveCfg = Debug|Any CPU
		{27DF6717-5983-4269-9526-BED000E10CCC}.Debug|x64.Build.0 = Debug|Any CPU
		{27DF6717-5983-4269-9526-BED000E10CCC}.Debug|x86.ActiveCfg = Debug|Any CPU
		{27DF6717-5983-4269-9526-BED000E10CCC}.Debug|x86.Build.0 = Debug|Any CPU
		{27DF6717-5983-4269-9526-BED000E10CCC}.Release|Any CPU.ActiveCfg = Release|Any CPU
		{27DF6717-5983-4269-9526-BED000E10CCC}.Release|Any CPU.Build.0 = Release|Any CPU
		{27DF6717-5983-4269-9526-BED000E10CCC}.Release|ARM.ActiveCfg = Release|Any CPU
		{27DF6717-5983-4269-9526-BED000E10CCC}.Release|ARM.Build.0 = Release|Any CPU
		{27DF6717-5983-4269-9526-BED000E10CCC}.Release|iPhone.ActiveCfg = Release|Any CPU
		{27DF6717-5983-4269-9526-BED000E10CCC}.Release|iPhone.Build.0 = Release|Any CPU
		{27DF6717-5983-4269-9526-BED000E10CCC}.Release|iPhoneSimulator.ActiveCfg = Release|Any CPU
		{27DF6717-5983-4269-9526-BED000E10CCC}.Release|iPhoneSimulator.Build.0 = Release|Any CPU
		{27DF6717-5983-4269-9526-BED000E10CCC}.Release|Mixed Platforms.ActiveCfg = Release|Any CPU
		{27DF6717-5983-4269-9526-BED000E10CCC}.Release|Mixed Platforms.Build.0 = Release|Any CPU
		{27DF6717-5983-4269-9526-BED000E10CCC}.Release|x64.ActiveCfg = Release|Any CPU
		{27DF6717-5983-4269-9526-BED000E10CCC}.Release|x64.Build.0 = Release|Any CPU
		{27DF6717-5983-4269-9526-BED000E10CCC}.Release|x86.ActiveCfg = Release|Any CPU
		{27DF6717-5983-4269-9526-BED000E10CCC}.Release|x86.Build.0 = Release|Any CPU
		{11B9732A-A68A-4E5B-9FF2-C8C4C05552EB}.Ad-Hoc|Any CPU.ActiveCfg = Debug|Any CPU
		{11B9732A-A68A-4E5B-9FF2-C8C4C05552EB}.Ad-Hoc|Any CPU.Build.0 = Debug|Any CPU
		{11B9732A-A68A-4E5B-9FF2-C8C4C05552EB}.Ad-Hoc|ARM.ActiveCfg = Debug|Any CPU
		{11B9732A-A68A-4E5B-9FF2-C8C4C05552EB}.Ad-Hoc|ARM.Build.0 = Debug|Any CPU
		{11B9732A-A68A-4E5B-9FF2-C8C4C05552EB}.Ad-Hoc|iPhone.ActiveCfg = Debug|Any CPU
		{11B9732A-A68A-4E5B-9FF2-C8C4C05552EB}.Ad-Hoc|iPhone.Build.0 = Debug|Any CPU
		{11B9732A-A68A-4E5B-9FF2-C8C4C05552EB}.Ad-Hoc|iPhoneSimulator.ActiveCfg = Debug|Any CPU
		{11B9732A-A68A-4E5B-9FF2-C8C4C05552EB}.Ad-Hoc|iPhoneSimulator.Build.0 = Debug|Any CPU
		{11B9732A-A68A-4E5B-9FF2-C8C4C05552EB}.Ad-Hoc|Mixed Platforms.ActiveCfg = Debug|Any CPU
		{11B9732A-A68A-4E5B-9FF2-C8C4C05552EB}.Ad-Hoc|Mixed Platforms.Build.0 = Debug|Any CPU
		{11B9732A-A68A-4E5B-9FF2-C8C4C05552EB}.Ad-Hoc|x64.ActiveCfg = Debug|Any CPU
		{11B9732A-A68A-4E5B-9FF2-C8C4C05552EB}.Ad-Hoc|x64.Build.0 = Debug|Any CPU
		{11B9732A-A68A-4E5B-9FF2-C8C4C05552EB}.Ad-Hoc|x86.ActiveCfg = Debug|Any CPU
		{11B9732A-A68A-4E5B-9FF2-C8C4C05552EB}.Ad-Hoc|x86.Build.0 = Debug|Any CPU
		{11B9732A-A68A-4E5B-9FF2-C8C4C05552EB}.AppStore|Any CPU.ActiveCfg = Debug|Any CPU
		{11B9732A-A68A-4E5B-9FF2-C8C4C05552EB}.AppStore|Any CPU.Build.0 = Debug|Any CPU
		{11B9732A-A68A-4E5B-9FF2-C8C4C05552EB}.AppStore|ARM.ActiveCfg = Debug|Any CPU
		{11B9732A-A68A-4E5B-9FF2-C8C4C05552EB}.AppStore|ARM.Build.0 = Debug|Any CPU
		{11B9732A-A68A-4E5B-9FF2-C8C4C05552EB}.AppStore|iPhone.ActiveCfg = Debug|Any CPU
		{11B9732A-A68A-4E5B-9FF2-C8C4C05552EB}.AppStore|iPhone.Build.0 = Debug|Any CPU
		{11B9732A-A68A-4E5B-9FF2-C8C4C05552EB}.AppStore|iPhoneSimulator.ActiveCfg = Debug|Any CPU
		{11B9732A-A68A-4E5B-9FF2-C8C4C05552EB}.AppStore|iPhoneSimulator.Build.0 = Debug|Any CPU
		{11B9732A-A68A-4E5B-9FF2-C8C4C05552EB}.AppStore|Mixed Platforms.ActiveCfg = Debug|Any CPU
		{11B9732A-A68A-4E5B-9FF2-C8C4C05552EB}.AppStore|Mixed Platforms.Build.0 = Debug|Any CPU
		{11B9732A-A68A-4E5B-9FF2-C8C4C05552EB}.AppStore|x64.ActiveCfg = Debug|Any CPU
		{11B9732A-A68A-4E5B-9FF2-C8C4C05552EB}.AppStore|x64.Build.0 = Debug|Any CPU
		{11B9732A-A68A-4E5B-9FF2-C8C4C05552EB}.AppStore|x86.ActiveCfg = Debug|Any CPU
		{11B9732A-A68A-4E5B-9FF2-C8C4C05552EB}.AppStore|x86.Build.0 = Debug|Any CPU
		{11B9732A-A68A-4E5B-9FF2-C8C4C05552EB}.Debug|Any CPU.ActiveCfg = Debug|Any CPU
		{11B9732A-A68A-4E5B-9FF2-C8C4C05552EB}.Debug|Any CPU.Build.0 = Debug|Any CPU
		{11B9732A-A68A-4E5B-9FF2-C8C4C05552EB}.Debug|ARM.ActiveCfg = Debug|Any CPU
		{11B9732A-A68A-4E5B-9FF2-C8C4C05552EB}.Debug|ARM.Build.0 = Debug|Any CPU
		{11B9732A-A68A-4E5B-9FF2-C8C4C05552EB}.Debug|iPhone.ActiveCfg = Debug|Any CPU
		{11B9732A-A68A-4E5B-9FF2-C8C4C05552EB}.Debug|iPhone.Build.0 = Debug|Any CPU
		{11B9732A-A68A-4E5B-9FF2-C8C4C05552EB}.Debug|iPhoneSimulator.ActiveCfg = Debug|Any CPU
		{11B9732A-A68A-4E5B-9FF2-C8C4C05552EB}.Debug|iPhoneSimulator.Build.0 = Debug|Any CPU
		{11B9732A-A68A-4E5B-9FF2-C8C4C05552EB}.Debug|Mixed Platforms.ActiveCfg = Debug|Any CPU
		{11B9732A-A68A-4E5B-9FF2-C8C4C05552EB}.Debug|Mixed Platforms.Build.0 = Debug|Any CPU
		{11B9732A-A68A-4E5B-9FF2-C8C4C05552EB}.Debug|x64.ActiveCfg = Debug|Any CPU
		{11B9732A-A68A-4E5B-9FF2-C8C4C05552EB}.Debug|x64.Build.0 = Debug|Any CPU
		{11B9732A-A68A-4E5B-9FF2-C8C4C05552EB}.Debug|x86.ActiveCfg = Debug|Any CPU
		{11B9732A-A68A-4E5B-9FF2-C8C4C05552EB}.Debug|x86.Build.0 = Debug|Any CPU
		{11B9732A-A68A-4E5B-9FF2-C8C4C05552EB}.Release|Any CPU.ActiveCfg = Release|Any CPU
		{11B9732A-A68A-4E5B-9FF2-C8C4C05552EB}.Release|Any CPU.Build.0 = Release|Any CPU
		{11B9732A-A68A-4E5B-9FF2-C8C4C05552EB}.Release|ARM.ActiveCfg = Release|Any CPU
		{11B9732A-A68A-4E5B-9FF2-C8C4C05552EB}.Release|ARM.Build.0 = Release|Any CPU
		{11B9732A-A68A-4E5B-9FF2-C8C4C05552EB}.Release|iPhone.ActiveCfg = Release|Any CPU
		{11B9732A-A68A-4E5B-9FF2-C8C4C05552EB}.Release|iPhone.Build.0 = Release|Any CPU
		{11B9732A-A68A-4E5B-9FF2-C8C4C05552EB}.Release|iPhoneSimulator.ActiveCfg = Release|Any CPU
		{11B9732A-A68A-4E5B-9FF2-C8C4C05552EB}.Release|iPhoneSimulator.Build.0 = Release|Any CPU
		{11B9732A-A68A-4E5B-9FF2-C8C4C05552EB}.Release|Mixed Platforms.ActiveCfg = Release|Any CPU
		{11B9732A-A68A-4E5B-9FF2-C8C4C05552EB}.Release|Mixed Platforms.Build.0 = Release|Any CPU
		{11B9732A-A68A-4E5B-9FF2-C8C4C05552EB}.Release|x64.ActiveCfg = Release|Any CPU
		{11B9732A-A68A-4E5B-9FF2-C8C4C05552EB}.Release|x64.Build.0 = Release|Any CPU
		{11B9732A-A68A-4E5B-9FF2-C8C4C05552EB}.Release|x86.ActiveCfg = Release|Any CPU
		{11B9732A-A68A-4E5B-9FF2-C8C4C05552EB}.Release|x86.Build.0 = Release|Any CPU
		{ED6E9DB3-87E9-4B1B-A98E-6FB145D0F91D}.Ad-Hoc|Any CPU.ActiveCfg = Debug|Any CPU
		{ED6E9DB3-87E9-4B1B-A98E-6FB145D0F91D}.Ad-Hoc|Any CPU.Build.0 = Debug|Any CPU
		{ED6E9DB3-87E9-4B1B-A98E-6FB145D0F91D}.Ad-Hoc|ARM.ActiveCfg = Debug|Any CPU
		{ED6E9DB3-87E9-4B1B-A98E-6FB145D0F91D}.Ad-Hoc|ARM.Build.0 = Debug|Any CPU
		{ED6E9DB3-87E9-4B1B-A98E-6FB145D0F91D}.Ad-Hoc|iPhone.ActiveCfg = Debug|Any CPU
		{ED6E9DB3-87E9-4B1B-A98E-6FB145D0F91D}.Ad-Hoc|iPhone.Build.0 = Debug|Any CPU
		{ED6E9DB3-87E9-4B1B-A98E-6FB145D0F91D}.Ad-Hoc|iPhoneSimulator.ActiveCfg = Debug|Any CPU
		{ED6E9DB3-87E9-4B1B-A98E-6FB145D0F91D}.Ad-Hoc|iPhoneSimulator.Build.0 = Debug|Any CPU
		{ED6E9DB3-87E9-4B1B-A98E-6FB145D0F91D}.Ad-Hoc|Mixed Platforms.ActiveCfg = Debug|Any CPU
		{ED6E9DB3-87E9-4B1B-A98E-6FB145D0F91D}.Ad-Hoc|Mixed Platforms.Build.0 = Debug|Any CPU
		{ED6E9DB3-87E9-4B1B-A98E-6FB145D0F91D}.Ad-Hoc|x64.ActiveCfg = Debug|Any CPU
		{ED6E9DB3-87E9-4B1B-A98E-6FB145D0F91D}.Ad-Hoc|x64.Build.0 = Debug|Any CPU
		{ED6E9DB3-87E9-4B1B-A98E-6FB145D0F91D}.Ad-Hoc|x86.ActiveCfg = Debug|Any CPU
		{ED6E9DB3-87E9-4B1B-A98E-6FB145D0F91D}.Ad-Hoc|x86.Build.0 = Debug|Any CPU
		{ED6E9DB3-87E9-4B1B-A98E-6FB145D0F91D}.AppStore|Any CPU.ActiveCfg = Debug|Any CPU
		{ED6E9DB3-87E9-4B1B-A98E-6FB145D0F91D}.AppStore|Any CPU.Build.0 = Debug|Any CPU
		{ED6E9DB3-87E9-4B1B-A98E-6FB145D0F91D}.AppStore|ARM.ActiveCfg = Debug|Any CPU
		{ED6E9DB3-87E9-4B1B-A98E-6FB145D0F91D}.AppStore|ARM.Build.0 = Debug|Any CPU
		{ED6E9DB3-87E9-4B1B-A98E-6FB145D0F91D}.AppStore|iPhone.ActiveCfg = Debug|Any CPU
		{ED6E9DB3-87E9-4B1B-A98E-6FB145D0F91D}.AppStore|iPhone.Build.0 = Debug|Any CPU
		{ED6E9DB3-87E9-4B1B-A98E-6FB145D0F91D}.AppStore|iPhoneSimulator.ActiveCfg = Debug|Any CPU
		{ED6E9DB3-87E9-4B1B-A98E-6FB145D0F91D}.AppStore|iPhoneSimulator.Build.0 = Debug|Any CPU
		{ED6E9DB3-87E9-4B1B-A98E-6FB145D0F91D}.AppStore|Mixed Platforms.ActiveCfg = Debug|Any CPU
		{ED6E9DB3-87E9-4B1B-A98E-6FB145D0F91D}.AppStore|Mixed Platforms.Build.0 = Debug|Any CPU
		{ED6E9DB3-87E9-4B1B-A98E-6FB145D0F91D}.AppStore|x64.ActiveCfg = Debug|Any CPU
		{ED6E9DB3-87E9-4B1B-A98E-6FB145D0F91D}.AppStore|x64.Build.0 = Debug|Any CPU
		{ED6E9DB3-87E9-4B1B-A98E-6FB145D0F91D}.AppStore|x86.ActiveCfg = Debug|Any CPU
		{ED6E9DB3-87E9-4B1B-A98E-6FB145D0F91D}.AppStore|x86.Build.0 = Debug|Any CPU
		{ED6E9DB3-87E9-4B1B-A98E-6FB145D0F91D}.Debug|Any CPU.ActiveCfg = Debug|Any CPU
		{ED6E9DB3-87E9-4B1B-A98E-6FB145D0F91D}.Debug|Any CPU.Build.0 = Debug|Any CPU
		{ED6E9DB3-87E9-4B1B-A98E-6FB145D0F91D}.Debug|ARM.ActiveCfg = Debug|Any CPU
		{ED6E9DB3-87E9-4B1B-A98E-6FB145D0F91D}.Debug|ARM.Build.0 = Debug|Any CPU
		{ED6E9DB3-87E9-4B1B-A98E-6FB145D0F91D}.Debug|iPhone.ActiveCfg = Debug|Any CPU
		{ED6E9DB3-87E9-4B1B-A98E-6FB145D0F91D}.Debug|iPhone.Build.0 = Debug|Any CPU
		{ED6E9DB3-87E9-4B1B-A98E-6FB145D0F91D}.Debug|iPhoneSimulator.ActiveCfg = Debug|Any CPU
		{ED6E9DB3-87E9-4B1B-A98E-6FB145D0F91D}.Debug|iPhoneSimulator.Build.0 = Debug|Any CPU
		{ED6E9DB3-87E9-4B1B-A98E-6FB145D0F91D}.Debug|Mixed Platforms.ActiveCfg = Debug|Any CPU
		{ED6E9DB3-87E9-4B1B-A98E-6FB145D0F91D}.Debug|Mixed Platforms.Build.0 = Debug|Any CPU
		{ED6E9DB3-87E9-4B1B-A98E-6FB145D0F91D}.Debug|x64.ActiveCfg = Debug|Any CPU
		{ED6E9DB3-87E9-4B1B-A98E-6FB145D0F91D}.Debug|x64.Build.0 = Debug|Any CPU
		{ED6E9DB3-87E9-4B1B-A98E-6FB145D0F91D}.Debug|x86.ActiveCfg = Debug|Any CPU
		{ED6E9DB3-87E9-4B1B-A98E-6FB145D0F91D}.Debug|x86.Build.0 = Debug|Any CPU
		{ED6E9DB3-87E9-4B1B-A98E-6FB145D0F91D}.Release|Any CPU.ActiveCfg = Release|Any CPU
		{ED6E9DB3-87E9-4B1B-A98E-6FB145D0F91D}.Release|Any CPU.Build.0 = Release|Any CPU
		{ED6E9DB3-87E9-4B1B-A98E-6FB145D0F91D}.Release|ARM.ActiveCfg = Release|Any CPU
		{ED6E9DB3-87E9-4B1B-A98E-6FB145D0F91D}.Release|ARM.Build.0 = Release|Any CPU
		{ED6E9DB3-87E9-4B1B-A98E-6FB145D0F91D}.Release|iPhone.ActiveCfg = Release|Any CPU
		{ED6E9DB3-87E9-4B1B-A98E-6FB145D0F91D}.Release|iPhone.Build.0 = Release|Any CPU
		{ED6E9DB3-87E9-4B1B-A98E-6FB145D0F91D}.Release|iPhoneSimulator.ActiveCfg = Release|Any CPU
		{ED6E9DB3-87E9-4B1B-A98E-6FB145D0F91D}.Release|iPhoneSimulator.Build.0 = Release|Any CPU
		{ED6E9DB3-87E9-4B1B-A98E-6FB145D0F91D}.Release|Mixed Platforms.ActiveCfg = Release|Any CPU
		{ED6E9DB3-87E9-4B1B-A98E-6FB145D0F91D}.Release|Mixed Platforms.Build.0 = Release|Any CPU
		{ED6E9DB3-87E9-4B1B-A98E-6FB145D0F91D}.Release|x64.ActiveCfg = Release|Any CPU
		{ED6E9DB3-87E9-4B1B-A98E-6FB145D0F91D}.Release|x64.Build.0 = Release|Any CPU
		{ED6E9DB3-87E9-4B1B-A98E-6FB145D0F91D}.Release|x86.ActiveCfg = Release|Any CPU
		{ED6E9DB3-87E9-4B1B-A98E-6FB145D0F91D}.Release|x86.Build.0 = Release|Any CPU
	EndGlobalSection
	GlobalSection(SolutionProperties) = preSolution
		HideSolutionNode = FALSE
	EndGlobalSection
	GlobalSection(NestedProjects) = preSolution
		{5A89745A-2AD2-4ABF-8851-535B2024A8FA} = {0AB67A65-9645-4DF6-98A2-D5734D212E7C}
		{292A7A42-1A55-45EF-9DAA-4A7368CB956F} = {0AB67A65-9645-4DF6-98A2-D5734D212E7C}
		{27DF6717-5983-4269-9526-BED000E10CCC} = {B0654A14-51FF-4DAC-A2CB-A6B9D269B9CA}
		{11B9732A-A68A-4E5B-9FF2-C8C4C05552EB} = {2137DFE4-114E-45AE-BBCD-6A454D1BF82C}
		{ED6E9DB3-87E9-4B1B-A98E-6FB145D0F91D} = {0AB67A65-9645-4DF6-98A2-D5734D212E7C}
	EndGlobalSection
	GlobalSection(ExtensibilityGlobals) = postSolution
		SolutionGuid = {9BE7FE85-824F-4BEB-AC44-909F617815C9}
	EndGlobalSection
	GlobalSection(MonoDevelopProperties) = preSolution
		StartupItem = Examples\Xamarin.Forms\SimpleDemo.Android\SimpleDemo.Android.csproj
	EndGlobalSection
EndGlobal
